# THIS IS AN AUTOGENERATED FILE. DO NOT EDIT THIS FILE DIRECTLY.
# yarn lockfile v1


"@daybrush/utils@1.6.0", "@daybrush/utils@^1.0.0", "@daybrush/utils@^1.1.1", "@daybrush/utils@^1.3.1", "@daybrush/utils@^1.4.0", "@daybrush/utils@^1.6.0":
  version "1.6.0"
  resolved "https://registry.npmmirror.com/@daybrush/utils/-/utils-1.6.0.tgz#0dfd2c360764f63380df4ec0d44e176c69f7bbc3"
  integrity sha512-9MjMoOLl1U+l8lXByN3BbLZXf+mktoLyeb6t78Jz2WZ7LRldK0FNg8oW//9giO2hHCUyxS7LX6jS1hToGIfRWA==

"@egjs/agent@^2.2.1":
  version "2.4.0"
  resolved "https://registry.npmmirror.com/@egjs/agent/-/agent-2.4.0.tgz#37841a729291713c65537e2ff31f01e11ace496e"
  integrity sha512-yWp+4lypso3sRe21QATjBt+DIkdtKhcyYnNuXePsd8fP5XreGSEMe92vGJzSNytGORPwgcuRjPYZ/KBgg9giVw==

"@egjs/children-differ@^1.0.1":
  version "1.0.1"
  resolved "https://registry.npmmirror.com/@egjs/children-differ/-/children-differ-1.0.1.tgz#5465fa80671d5ca3564ebe912f48b05b3e8a14fd"
  integrity sha512-DRvyqMf+CPCOzAopQKHtW+X8iN6Hy6SFol+/7zCUiE5y4P/OB8JP8FtU4NxtZwtafvSL4faD5KoQYPj3JHzPFQ==
  dependencies:
    "@egjs/list-differ" "^1.0.0"

"@egjs/list-differ@^1.0.0":
  version "1.0.0"
  resolved "https://registry.npmmirror.com/@egjs/list-differ/-/list-differ-1.0.0.tgz#2277aff52e3e4bd9318d5c30ffc3ba3b6216f05e"
  integrity sha512-HsbMKc0ZAQH+EUeCmI/2PvTYSybmkaWwakU8QGDYYgMVIg9BQ5sM0A0Nnombjxo2+JzXHxmH+jw//yGX+y6GYw==

"@scena/dragscroll@^1.1.1":
  version "1.1.1"
  resolved "https://registry.npmmirror.com/@scena/dragscroll/-/dragscroll-1.1.1.tgz#43e57bcc0133d51e9927ba5dc0c41bbbb78bbc21"
  integrity sha512-RnoGpQC0aJ5Z+glLzQAAAf1jmRac1yRuil4zi4HQ8GhzoxTqlgplAOGkFF/IRnUMK1uc5S6R/MEEybfyDGlEcQ==
  dependencies:
    "@daybrush/utils" "1.6.0"
    "@scena/event-emitter" "^1.0.2"

"@scena/event-emitter@^1.0.2", "@scena/event-emitter@^1.0.3", "@scena/event-emitter@^1.0.5":
  version "1.0.5"
  resolved "https://registry.npmmirror.com/@scena/event-emitter/-/event-emitter-1.0.5.tgz#047e3acef93cf238d7ce3a8cc5a12ec6bd9c3bb1"
  integrity sha512-AzY4OTb0+7ynefmWFQ6hxDdk0CySAq/D4efljfhtRHCOP7MBF9zUfhKG3TJiroVjASqVgkRJFdenS8ArZo6Olg==
  dependencies:
    "@daybrush/utils" "^1.1.1"

"@scena/matrix@^1.0.0", "@scena/matrix@^1.1.1":
  version "1.1.1"
  resolved "https://registry.npmmirror.com/@scena/matrix/-/matrix-1.1.1.tgz#5297f71825c72e2c2c8f802f924f482ed200c43c"
  integrity sha512-JVKBhN0tm2Srl+Yt+Ywqu0oLgLcdemDQlD1OxmN9jaCTwaFPZ7tY8n6dhVgMEaR9qcR7r+kAlMXnSfNyYdE+Vg==
  dependencies:
    "@daybrush/utils" "^1.4.0"

css-styled@^1.0.0:
  version "1.0.0"
  resolved "https://registry.npmmirror.com/css-styled/-/css-styled-1.0.0.tgz#6fe10a98f95c24fa66cb1c41e11e7c00bcedac13"
  integrity sha512-lDdPvM2/djv+La110zVY3RGQ7X4OOlzLS+IEjRcn8UlUmJd1+GNcGfDFmsKWwnLBupsY1w0QM1gRgV4RdcCjfw==
  dependencies:
    "@daybrush/utils" "^1.0.0"
    string-hash "^1.1.3"

css-to-mat@^1.0.3:
  version "1.0.3"
  resolved "https://registry.npmmirror.com/css-to-mat/-/css-to-mat-1.0.3.tgz#5c0d9b572b68b57fa8ba0b1a4c572c18ce3b2b60"
  integrity sha512-HADRhVqPc8wFqEp6ClK+uuPYg+FMBinNo2ReLyI/KQCncmHPJ60o5zldyJG7NjsTqXWbdfGJO51jnoxfMvWJiA==
  dependencies:
    "@daybrush/utils" "^1.3.1"
    "@scena/matrix" "^1.0.0"

esbuild-android-64@0.14.38:
  version "0.14.38"
  resolved "https://registry.npmmirror.com/esbuild-android-64/-/esbuild-android-64-0.14.38.tgz#5b94a1306df31d55055f64a62ff6b763a47b7f64"
  integrity sha512-aRFxR3scRKkbmNuGAK+Gee3+yFxkTJO/cx83Dkyzo4CnQl/2zVSurtG6+G86EQIZ+w+VYngVyK7P3HyTBKu3nw==

esbuild-android-arm64@0.14.38:
  version "0.14.38"
  resolved "https://registry.npmmirror.com/esbuild-android-arm64/-/esbuild-android-arm64-0.14.38.tgz#78acc80773d16007de5219ccce544c036abd50b8"
  integrity sha512-L2NgQRWuHFI89IIZIlpAcINy9FvBk6xFVZ7xGdOwIm8VyhX1vNCEqUJO3DPSSy945Gzdg98cxtNt8Grv1CsyhA==

esbuild-darwin-64@0.14.38:
  version "0.14.38"
  resolved "https://registry.npmmirror.com/esbuild-darwin-64/-/esbuild-darwin-64-0.14.38.tgz#e02b1291f629ebdc2aa46fabfacc9aa28ff6aa46"
  integrity sha512-5JJvgXkX87Pd1Og0u/NJuO7TSqAikAcQQ74gyJ87bqWRVeouky84ICoV4sN6VV53aTW+NE87qLdGY4QA2S7KNA==

esbuild-darwin-arm64@0.14.38:
  version "0.14.38"
  resolved "https://registry.npmmirror.com/esbuild-darwin-arm64/-/esbuild-darwin-arm64-0.14.38.tgz#01eb6650ec010b18c990e443a6abcca1d71290a9"
  integrity sha512-eqF+OejMI3mC5Dlo9Kdq/Ilbki9sQBw3QlHW3wjLmsLh+quNfHmGMp3Ly1eWm981iGBMdbtSS9+LRvR2T8B3eQ==

esbuild-freebsd-64@0.14.38:
  version "0.14.38"
  resolved "https://registry.npmmirror.com/esbuild-freebsd-64/-/esbuild-freebsd-64-0.14.38.tgz#790b8786729d4aac7be17648f9ea8e0e16475b5e"
  integrity sha512-epnPbhZUt93xV5cgeY36ZxPXDsQeO55DppzsIgWM8vgiG/Rz+qYDLmh5ts3e+Ln1wA9dQ+nZmVHw+RjaW3I5Ig==

esbuild-freebsd-arm64@0.14.38:
  version "0.14.38"
  resolved "https://registry.npmmirror.com/esbuild-freebsd-arm64/-/esbuild-freebsd-arm64-0.14.38.tgz#b66340ab28c09c1098e6d9d8ff656db47d7211e6"
  integrity sha512-/9icXUYJWherhk+y5fjPI5yNUdFPtXHQlwP7/K/zg8t8lQdHVj20SqU9/udQmeUo5pDFHMYzcEFfJqgOVeKNNQ==

esbuild-linux-32@0.14.38:
  version "0.14.38"
  resolved "https://registry.npmmirror.com/esbuild-linux-32/-/esbuild-linux-32-0.14.38.tgz#7927f950986fd39f0ff319e92839455912b67f70"
  integrity sha512-QfgfeNHRFvr2XeHFzP8kOZVnal3QvST3A0cgq32ZrHjSMFTdgXhMhmWdKzRXP/PKcfv3e2OW9tT9PpcjNvaq6g==

esbuild-linux-64@0.14.38:
  version "0.14.38"
  resolved "https://registry.npmmirror.com/esbuild-linux-64/-/esbuild-linux-64-0.14.38.tgz#4893d07b229d9cfe34a2b3ce586399e73c3ac519"
  integrity sha512-uuZHNmqcs+Bj1qiW9k/HZU3FtIHmYiuxZ/6Aa+/KHb/pFKr7R3aVqvxlAudYI9Fw3St0VCPfv7QBpUITSmBR1Q==

esbuild-linux-arm64@0.14.38:
  version "0.14.38"
  resolved "https://registry.npmmirror.com/esbuild-linux-arm64/-/esbuild-linux-arm64-0.14.38.tgz#8442402e37d0b8ae946ac616784d9c1a2041056a"
  integrity sha512-HlMGZTEsBrXrivr64eZ/EO0NQM8H8DuSENRok9d+Jtvq8hOLzrxfsAT9U94K3KOGk2XgCmkaI2KD8hX7F97lvA==

esbuild-linux-arm@0.14.38:
  version "0.14.38"
  resolved "https://registry.npmmirror.com/esbuild-linux-arm/-/esbuild-linux-arm-0.14.38.tgz#d5dbf32d38b7f79be0ec6b5fb2f9251fd9066986"
  integrity sha512-FiFvQe8J3VKTDXG01JbvoVRXQ0x6UZwyrU4IaLBZeq39Bsbatd94Fuc3F1RGqPF5RbIWW7RvkVQjn79ejzysnA==

esbuild-linux-mips64le@0.14.38:
  version "0.14.38"
  resolved "https://registry.npmmirror.com/esbuild-linux-mips64le/-/esbuild-linux-mips64le-0.14.38.tgz#95081e42f698bbe35d8ccee0e3a237594b337eb5"
  integrity sha512-qd1dLf2v7QBiI5wwfil9j0HG/5YMFBAmMVmdeokbNAMbcg49p25t6IlJFXAeLzogv1AvgaXRXvgFNhScYEUXGQ==

esbuild-linux-ppc64le@0.14.38:
  version "0.14.38"
  resolved "https://registry.npmmirror.com/esbuild-linux-ppc64le/-/esbuild-linux-ppc64le-0.14.38.tgz#dceb0a1b186f5df679618882a7990bd422089b47"
  integrity sha512-mnbEm7o69gTl60jSuK+nn+pRsRHGtDPfzhrqEUXyCl7CTOCLtWN2bhK8bgsdp6J/2NyS/wHBjs1x8aBWwP2X9Q==

esbuild-linux-riscv64@0.14.38:
  version "0.14.38"
  resolved "https://registry.npmmirror.com/esbuild-linux-riscv64/-/esbuild-linux-riscv64-0.14.38.tgz#61fb8edb75f475f9208c4a93ab2bfab63821afd2"
  integrity sha512-+p6YKYbuV72uikChRk14FSyNJZ4WfYkffj6Af0/Tw63/6TJX6TnIKE+6D3xtEc7DeDth1fjUOEqm+ApKFXbbVQ==

esbuild-linux-s390x@0.14.38:
  version "0.14.38"
  resolved "https://registry.npmmirror.com/esbuild-linux-s390x/-/esbuild-linux-s390x-0.14.38.tgz#34c7126a4937406bf6a5e69100185fd702d12fe0"
  integrity sha512-0zUsiDkGJiMHxBQ7JDU8jbaanUY975CdOW1YDrurjrM0vWHfjv9tLQsW9GSyEb/heSK1L5gaweRjzfUVBFoybQ==

esbuild-netbsd-64@0.14.38:
  version "0.14.38"
  resolved "https://registry.npmmirror.com/esbuild-netbsd-64/-/esbuild-netbsd-64-0.14.38.tgz#322ea9937d9e529183ee281c7996b93eb38a5d95"
  integrity sha512-cljBAApVwkpnJZfnRVThpRBGzCi+a+V9Ofb1fVkKhtrPLDYlHLrSYGtmnoTVWDQdU516qYI8+wOgcGZ4XIZh0Q==

esbuild-openbsd-64@0.14.38:
  version "0.14.38"
  resolved "https://registry.npmmirror.com/esbuild-openbsd-64/-/esbuild-openbsd-64-0.14.38.tgz#1ca29bb7a2bf09592dcc26afdb45108f08a2cdbd"
  integrity sha512-CDswYr2PWPGEPpLDUO50mL3WO/07EMjnZDNKpmaxUPsrW+kVM3LoAqr/CE8UbzugpEiflYqJsGPLirThRB18IQ==

esbuild-sunos-64@0.14.38:
  version "0.14.38"
  resolved "https://registry.npmmirror.com/esbuild-sunos-64/-/esbuild-sunos-64-0.14.38.tgz#c9446f7d8ebf45093e7bb0e7045506a88540019b"
  integrity sha512-2mfIoYW58gKcC3bck0j7lD3RZkqYA7MmujFYmSn9l6TiIcAMpuEvqksO+ntBgbLep/eyjpgdplF7b+4T9VJGOA==

esbuild-windows-32@0.14.38:
  version "0.14.38"
  resolved "https://registry.npmmirror.com/esbuild-windows-32/-/esbuild-windows-32-0.14.38.tgz#f8e9b4602fd0ccbd48e5c8d117ec0ba4040f2ad1"
  integrity sha512-L2BmEeFZATAvU+FJzJiRLFUP+d9RHN+QXpgaOrs2klshoAm1AE6Us4X6fS9k33Uy5SzScn2TpcgecbqJza1Hjw==

esbuild-windows-64@0.14.38:
  version "0.14.38"
  resolved "https://registry.npmmirror.com/esbuild-windows-64/-/esbuild-windows-64-0.14.38.tgz#280f58e69f78535f470905ce3e43db1746518107"
  integrity sha512-Khy4wVmebnzue8aeSXLC+6clo/hRYeNIm0DyikoEqX+3w3rcvrhzpoix0S+MF9vzh6JFskkIGD7Zx47ODJNyCw==

esbuild-windows-arm64@0.14.38:
  version "0.14.38"
  resolved "https://registry.npmmirror.com/esbuild-windows-arm64/-/esbuild-windows-arm64-0.14.38.tgz#d97e9ac0f95a4c236d9173fa9f86c983d6a53f54"
  integrity sha512-k3FGCNmHBkqdJXuJszdWciAH77PukEyDsdIryEHn9cKLQFxzhT39dSumeTuggaQcXY57UlmLGIkklWZo2qzHpw==

esbuild@^0.14.27:
  version "0.14.38"
  resolved "https://registry.npmmirror.com/esbuild/-/esbuild-0.14.38.tgz#99526b778cd9f35532955e26e1709a16cca2fb30"
  integrity sha512-12fzJ0fsm7gVZX1YQ1InkOE5f9Tl7cgf6JPYXRJtPIoE0zkWAbHdPHVPPaLi9tYAcEBqheGzqLn/3RdTOyBfcA==
  optionalDependencies:
    esbuild-android-64 "0.14.38"
    esbuild-android-arm64 "0.14.38"
    esbuild-darwin-64 "0.14.38"
    esbuild-darwin-arm64 "0.14.38"
    esbuild-freebsd-64 "0.14.38"
    esbuild-freebsd-arm64 "0.14.38"
    esbuild-linux-32 "0.14.38"
    esbuild-linux-64 "0.14.38"
    esbuild-linux-arm "0.14.38"
    esbuild-linux-arm64 "0.14.38"
    esbuild-linux-mips64le "0.14.38"
    esbuild-linux-ppc64le "0.14.38"
    esbuild-linux-riscv64 "0.14.38"
    esbuild-linux-s390x "0.14.38"
    esbuild-netbsd-64 "0.14.38"
    esbuild-openbsd-64 "0.14.38"
    esbuild-sunos-64 "0.14.38"
    esbuild-windows-32 "0.14.38"
    esbuild-windows-64 "0.14.38"
    esbuild-windows-arm64 "0.14.38"

framework-utils@^1.1.0:
  version "1.1.0"
  resolved "https://registry.npmmirror.com/framework-utils/-/framework-utils-1.1.0.tgz#a3b528bce838dfd623148847dc92371b09d0da2d"
  integrity sha512-KAfqli5PwpFJ8o3psRNs8svpMGyCSAe8nmGcjQ0zZBWN2H6dZDnq+ABp3N3hdUmFeMrLtjOCTXD4yplUJIWceg==

fsevents@~2.3.2:
  version "2.3.2"
  resolved "https://registry.npmmirror.com/fsevents/-/fsevents-2.3.2.tgz#8a526f78b8fdf4623b709e0b975c52c24c02fd1a"
  integrity sha512-xiqMQR4xAeHTuB9uWm+fFRcIOgKBMiOBP+eXiyT7jsgVCq1bkVygt00oASowB7EdtpOHaaPgKt812P9ab+DDKA==

function-bind@^1.1.1:
  version "1.1.1"
  resolved "https://registry.npmmirror.com/function-bind/-/function-bind-1.1.1.tgz#a56899d3ea3c9bab874bb9773b7c5ede92f4895d"
  integrity sha512-yIovAzMX49sF8Yl58fSCWJ5svSLuaibPxXQJFLmBObTuCr0Mf1KiPopGM9NiFjiYBCbfaa2Fh6breQ6ANVTI0A==

gesto@^1.7.0:
  version "1.8.0"
  resolved "https://registry.npmmirror.com/gesto/-/gesto-1.8.0.tgz#82a2ae6b6624e70f1b80b99ac4ed2c395ac18f6b"
  integrity sha512-+lCjAqedQBG7qyGpCPvhKixhUvMIR/G2p7Lu4NoKA7HaRmNDLnujTUwkjIYfYN636GUUhyH8mQ0kCiGF3W/Cqw==
  dependencies:
    "@daybrush/utils" "^1.0.0"
    "@scena/event-emitter" "^1.0.2"

has@^1.0.3:
  version "1.0.3"
  resolved "https://registry.npmmirror.com/has/-/has-1.0.3.tgz#722d7cbfc1f6aa8241f16dd814e011e1f41e8796"
  integrity sha512-f2dvO0VU6Oej7RkWJGrehjbzMAjFp5/VKPp5tTpWIV4JHHZK1/BxbFRtf/siA2SWTe09caDmVtYYzWEIbBS4zw==
  dependencies:
    function-bind "^1.1.1"

is-core-module@^2.8.1:
  version "2.9.0"
  resolved "https://registry.npmmirror.com/is-core-module/-/is-core-module-2.9.0.tgz#e1c34429cd51c6dd9e09e0799e396e27b19a9c69"
  integrity sha512-+5FPy5PnwmO3lvfMb0AsoPaBG+5KHUI0wYFXOtYPnVVVspTFUuMZNfNaNVRt3FZadstu2c8x23vykRW/NBoU6A==
  dependencies:
    has "^1.0.3"

keycode@^2.2.0:
  version "2.2.1"
  resolved "https://registry.npmmirror.com/keycode/-/keycode-2.2.1.tgz#09c23b2be0611d26117ea2501c2c391a01f39eff"
  integrity sha512-Rdgz9Hl9Iv4QKi8b0OlCRQEzp4AgVxyCtz5S/+VIHezDmrDhkp2N2TqBWOLz0/gbeREXOOiI9/4b8BY9uw2vFg==

keycon@^1.1.2:
  version "1.1.2"
  resolved "https://registry.npmmirror.com/keycon/-/keycon-1.1.2.tgz#a7a9f5f22f32012fafd11e68c4283911d0738bce"
  integrity sha512-yCoUAfwqmQUWrtOFuZhicxasF/4ae+M0aH8yV1wEKKZCZql8v6jWhlVF9dT5i1TfuHSmgt/GNuCaWIHT8wk6eQ==
  dependencies:
    "@daybrush/utils" "^1.0.0"
    "@scena/event-emitter" "^1.0.2"
    keycode "^2.2.0"

moveable@^0.29.3:
  version "0.29.3"
  resolved "https://registry.npmmirror.com/moveable/-/moveable-0.29.3.tgz#195c70e594967a5d7faa7a3567f53edca7b7687d"
  integrity sha512-DKgZNFRKia01lNdGC9w9FP1fFd+pidYnfTC8bPyhN2up+5ygE0Y4BjXZ2VxSu4iYsKP3TR4+7ASfLzaICxQTsA==
  dependencies:
    "@scena/event-emitter" "^1.0.3"
    react-compat-moveable "~0.17.3"
    react-simple-compat "^1.2.1"

nanoid@^3.3.1:
  version "3.3.3"
  resolved "https://registry.npmmirror.com/nanoid/-/nanoid-3.3.3.tgz#fd8e8b7aa761fe807dba2d1b98fb7241bb724a25"
  integrity sha512-p1sjXuopFs0xg+fPASzQ28agW1oHD7xDsd9Xkf3T15H3c/cifrFHVwrh74PdoklAPi+i7MdRsE47vm2r6JoB+w==

overlap-area@^1.0.0:
  version "1.0.0"
  resolved "https://registry.npmmirror.com/overlap-area/-/overlap-area-1.0.0.tgz#d44db45b810ec05c4c2c9f430ab60c9473f2101b"
  integrity sha512-Oi3hxRf6Flvv1upldnjOtV7euFkc75G/wsxYfS/ssNKEZ3Z+HbIoPHkFfLH3hgwqLJKpq9wdFo7I6xcdS6k8yg==
  dependencies:
    "@daybrush/utils" "^1.3.1"

path-parse@^1.0.7:
  version "1.0.7"
  resolved "https://registry.npmmirror.com/path-parse/-/path-parse-1.0.7.tgz#fbc114b60ca42b30d9daf5858e4bd68bbedb6735"
  integrity sha512-LDJzPVEEEPR+y48z93A0Ed0yXb8pAByGWo/k5YYdYgpY2/2EsOsksJrq7lOHxryrVOn1ejG6oAp8ahvOIQD8sw==

picocolors@^1.0.0:
  version "1.0.0"
  resolved "https://registry.npmmirror.com/picocolors/-/picocolors-1.0.0.tgz#cb5bdc74ff3f51892236eaf79d68bc44564ab81c"
  integrity sha512-1fygroTLlHu66zi26VoTDv8yRgm0Fccecssto+MhsZ0D/DGW2sm8E8AjW7NU5VVTRt5GxbeZ5qBuJr+HyLYkjQ==

postcss@^8.4.12:
  version "8.4.12"
  resolved "https://registry.npmmirror.com/postcss/-/postcss-8.4.12.tgz#1e7de78733b28970fa4743f7da6f3763648b1905"
  integrity sha512-lg6eITwYe9v6Hr5CncVbK70SoioNQIq81nsaG86ev5hAidQvmOeETBqs7jm43K2F5/Ley3ytDtriImV6TpNiSg==
  dependencies:
    nanoid "^3.3.1"
    picocolors "^1.0.0"
    source-map-js "^1.0.2"

react-compat-css-styled@^1.0.8:
  version "1.0.8"
  resolved "https://registry.npmmirror.com/react-compat-css-styled/-/react-compat-css-styled-1.0.8.tgz#a6735a9a362b47bc12535e6d2c0f57262704f382"
  integrity sha512-CG0kVbpKjiLMQc85pP50+Z0R9PGp7NIkkGqO88QTjEsSMOGKYlCXIAnXdKR2ZII23NJmA4XrJry03jkXOxTUkg==
  dependencies:
    "@daybrush/utils" "^1.0.0"
    css-styled "^1.0.0"
    framework-utils "^1.1.0"
    react-css-styled "^1.0.3"

react-compat-moveable@~0.17.3:
  version "0.17.3"
  resolved "https://registry.npmmirror.com/react-compat-moveable/-/react-compat-moveable-0.17.3.tgz#5e3039c761b676d9171a3a5ee511a2ef727feac7"
  integrity sha512-8R72O0XnoZHpWh7GerI4jF+g9ziQMVntWF0r1LB+/7KGoi7+xRIWnYCXXflxDoFgROyDrTt//TGNbwh4CMGVnw==
  dependencies:
    "@daybrush/utils" "^1.6.0"
    "@egjs/agent" "^2.2.1"
    "@egjs/children-differ" "^1.0.1"
    "@scena/dragscroll" "^1.1.1"
    "@scena/matrix" "^1.1.1"
    css-to-mat "^1.0.3"
    framework-utils "^1.1.0"
    gesto "^1.7.0"
    overlap-area "^1.0.0"
    react-compat-css-styled "^1.0.8"
    react-css-styled "^1.0.3"
    react-moveable "~0.32.3"

react-css-styled@^1.0.3:
  version "1.0.3"
  resolved "https://registry.npmmirror.com/react-css-styled/-/react-css-styled-1.0.3.tgz#f6dda995f41e4777567d2464b7d12ed1373b4f1d"
  integrity sha512-6H3aZPO66PYmYg9wx12WzOJpPlBEdA7O5JefCh+4SldlihVKBCxA6mityfWSGWL5ldOkJdHJWGwHR6nGPcVm+A==
  dependencies:
    css-styled "^1.0.0"
    framework-utils "^1.1.0"

react-moveable@~0.32.3:
  version "0.32.3"
  resolved "https://registry.npmmirror.com/react-moveable/-/react-moveable-0.32.3.tgz#864e9588c368460afce144e7ee55ef1ca3900370"
  integrity sha512-6g/S2SOijcWrQ0yQ/uJFGufr3NDgC87miveaG9Pw/+I5Mj+jEFsfDUKAKtNISLkYWMm2JDJnnOzEv9V2H5k0OQ==
  dependencies:
    "@daybrush/utils" "^1.6.0"
    "@egjs/agent" "^2.2.1"
    "@egjs/children-differ" "^1.0.1"
    "@scena/dragscroll" "^1.1.1"
    "@scena/event-emitter" "^1.0.5"
    "@scena/matrix" "^1.1.1"
    css-to-mat "^1.0.3"
    framework-utils "^1.1.0"
    gesto "^1.7.0"
    overlap-area "^1.0.0"
    react-css-styled "^1.0.3"

react-simple-compat@^1.2.1:
  version "1.2.2"
  resolved "https://registry.npmmirror.com/react-simple-compat/-/react-simple-compat-1.2.2.tgz#e62cd33d2053ce023c4d2a204a5f1d5c8499c933"
  integrity sha512-DYa9MHplwzjL/9xDKmTvM70umky8R162aZsKsWC2XRD7d+mIXyr8IQmAoRMlH2uwl4yGGgZbg7bj20qlCMhIYA==
  dependencies:
    "@daybrush/utils" "^1.0.0"
    "@egjs/list-differ" "^1.0.0"

resolve@^1.22.0:
  version "1.22.0"
  resolved "https://registry.npmmirror.com/resolve/-/resolve-1.22.0.tgz#5e0b8c67c15df57a89bdbabe603a002f21731198"
  integrity sha512-Hhtrw0nLeSrFQ7phPp4OOcVjLPIeMnRlr5mcnVuMe7M/7eBn98A3hmFRLoFo3DLZkivSYwhRUJTyPyWAk56WLw==
  dependencies:
    is-core-module "^2.8.1"
    path-parse "^1.0.7"
    supports-preserve-symlinks-flag "^1.0.0"

rollup@^2.59.0:
  version "2.70.2"
  resolved "https://registry.npmmirror.com/rollup/-/rollup-2.70.2.tgz#808d206a8851628a065097b7ba2053bd83ba0c0d"
  integrity sha512-EitogNZnfku65I1DD5Mxe8JYRUCy0hkK5X84IlDtUs+O6JRMpRciXTzyCUuX11b5L5pvjH+OmFXiQ3XjabcXgg==
  optionalDependencies:
    fsevents "~2.3.2"

selecto@^1.15.1:
  version "1.15.1"
  resolved "https://registry.npmmirror.com/selecto/-/selecto-1.15.1.tgz#64771df6ecd0ac360374d1d87f4e65a6ed5076da"
  integrity sha512-FaDhWCUa2LDTXz2n2Rn4q8iXsudEbI4RffppX3rZMezsLQPtR0TQEcT8GlzaezFd83uE8Fb8xMdZ1FETC0vOyg==
  dependencies:
    "@daybrush/utils" "^1.4.0"
    "@egjs/children-differ" "^1.0.1"
    "@scena/dragscroll" "^1.1.1"
    "@scena/event-emitter" "^1.0.5"
    css-styled "^1.0.0"
    css-to-mat "^1.0.3"
    framework-utils "^1.1.0"
    gesto "^1.7.0"
    keycon "^1.1.2"
    overlap-area "^1.0.0"

source-map-js@^1.0.2:
  version "1.0.2"
  resolved "https://registry.npmmirror.com/source-map-js/-/source-map-js-1.0.2.tgz#adbc361d9c62df380125e7f161f71c826f1e490c"
  integrity sha512-R0XvVJ9WusLiqTCEiGCmICCMplcCkIwwR11mOSD9CR5u+IXYdiseeEuXCVAjS54zqwkLcPNnmU4OeJ6tUrWhDw==

string-hash@^1.1.3:
  version "1.1.3"
  resolved "https://registry.npmmirror.com/string-hash/-/string-hash-1.1.3.tgz#e8aafc0ac1855b4666929ed7dd1275df5d6c811b"
  integrity sha512-kJUvRUFK49aub+a7T1nNE66EJbZBMnBgoC1UbCZ5n6bsZKBRga4KgBRTMn/pFkeCZSYtNeSyMxPDM0AXWELk2A==

supports-preserve-symlinks-flag@^1.0.0:
  version "1.0.0"
  resolved "https://registry.npmmirror.com/supports-preserve-symlinks-flag/-/supports-preserve-symlinks-flag-1.0.0.tgz#6eda4bd344a3c94aea376d4cc31bc77311039e09"
  integrity sha512-ot0WnXS9fgdkgIcePe6RHNk1WA8+muPa6cSjeR3V8K27q9BB1rTE3R1p7Hv0z1ZyAc8s6Vvv8DIyWf681MAt0w==

vite@^2.9.5:
  version "2.9.5"
  resolved "https://registry.npmmirror.com/vite/-/vite-2.9.5.tgz#08ef37ac7a6d879c96f328b791732c9a00ea25ea"
  integrity sha512-dvMN64X2YEQgSXF1lYabKXw3BbN6e+BL67+P3Vy4MacnY+UzT1AfkHiioFSi9+uiDUiaDy7Ax/LQqivk6orilg==
  dependencies:
    esbuild "^0.14.27"
    postcss "^8.4.12"
    resolve "^1.22.0"
    rollup "^2.59.0"
  optionalDependencies:
    fsevents "~2.3.2"
