{
  "name": "v-uibuilder",
  "version": "0.0.0",
  "lockfileVersion": 1,
  "requires": true,
  "dependencies": {
    "@micro-zoe/micro-app": {
      "version": "0.8.5",
      "resolved": "https://registry.npmjs.org/@micro-zoe/micro-app/-/micro-app-0.8.5.tgz",
      "integrity": "sha512-PFnoAxepT/njBEP1fkavvxVoyWsEexcq/BGq7rcW+3kavOHwrm3yNpDlsLEkVT3FVGA11tCWe0TmbJMsFYTTSg=="
    }
  }
}
